Microsoft Visual Studio Solution File, Format Version 12.00
# Visual Studio Version 17
VisualStudioVersion = 17.5.2.0
MinimumVisualStudioVersion = 10.0.40219.1
Project("{2150E333-8FDC-42A3-9474-1A3956D46DE8}") = "src", "src", "{827E0CD3-B72D-47B6-A68D-7590B98EB39B}"
EndProject
Project("{2150E333-8FDC-42A3-9474-1A3956D46DE8}") = "Backend", "Backend", "{FE360695-3F2B-1049-3887-35FBB5135923}"
EndProject
Project("{FAE04EC0-301F-11D3-BF4B-00C04F79EFBC}") = "TodosApi", "src\Backend\TodosApi\TodosApi.csproj", "{DD879E09-AA69-8F1A-0A37-B2776E5D3765}"
EndProject
Project("{FAE04EC0-301F-11D3-BF4B-00C04F79EFBC}") = "Frontend", "src\Frontend\Frontend.csproj", "{AE6F4ED3-BBB3-4F88-9FBA-E371379306BB}"
EndProject
Global
	GlobalSection(SolutionConfigurationPlatforms) = preSolution
		Debug|Any CPU = Debug|Any CPU
		Release|Any CPU = Release|Any CPU
	EndGlobalSection
	GlobalSection(ProjectConfigurationPlatforms) = postSolution
		{DD879E09-AA69-8F1A-0A37-B2776E5D3765}.Debug|Any CPU.ActiveCfg = Debug|Any CPU
		{DD879E09-AA69-8F1A-0A37-B2776E5D3765}.Debug|Any CPU.Build.0 = Debug|Any CPU
		{DD879E09-AA69-8F1A-0A37-B2776E5D3765}.Release|Any CPU.ActiveCfg = Release|Any CPU
		{DD879E09-AA69-8F1A-0A37-B2776E5D3765}.Release|Any CPU.Build.0 = Release|Any CPU
		{AE6F4ED3-BBB3-4F88-9FBA-E371379306BB}.Debug|Any CPU.ActiveCfg = Debug|Any CPU
		{AE6F4ED3-BBB3-4F88-9FBA-E371379306BB}.Debug|Any CPU.Build.0 = Debug|Any CPU
		{AE6F4ED3-BBB3-4F88-9FBA-E371379306BB}.Release|Any CPU.ActiveCfg = Release|Any CPU
		{AE6F4ED3-BBB3-4F88-9FBA-E371379306BB}.Release|Any CPU.Build.0 = Release|Any CPU
	EndGlobalSection
	GlobalSection(SolutionProperties) = preSolution
		HideSolutionNode = FALSE
	EndGlobalSection
	GlobalSection(NestedProjects) = preSolution
		{FE360695-3F2B-1049-3887-35FBB5135923} = {827E0CD3-B72D-47B6-A68D-7590B98EB39B}
		{DD879E09-AA69-8F1A-0A37-B2776E5D3765} = {FE360695-3F2B-1049-3887-35FBB5135923}
		{AE6F4ED3-BBB3-4F88-9FBA-E371379306BB} = {827E0CD3-B72D-47B6-A68D-7590B98EB39B}
	EndGlobalSection
	GlobalSection(ExtensibilityGlobals) = postSolution
		SolutionGuid = {5B5AFA7F-F9F4-40BD-BBB2-702239F9779F}
	EndGlobalSection
EndGlobal
